Microsoft Visual Studio Solution File, Format Version 12.00
# Visual Studio Version 17
VisualStudioVersion = 17.5.2.0
MinimumVisualStudioVersion = 10.0.40219.1
Project("{FAE04EC0-301F-11D3-BF4B-00C04F79EFBC}") = "EtkinlikProjesi", "EtkinlikProjesi.csproj", "{C2603535-B506-0B6E-DA3D-47DAEE3E5552}"
EndProject
Global
	GlobalSection(SolutionConfigurationPlatforms) = preSolution
		Debug|Any CPU = Debug|Any CPU
		Release|Any CPU = Release|Any CPU
	EndGlobalSection
	GlobalSection(ProjectConfigurationPlatforms) = postSolution
		{C2603535-B506-0B6E-DA3D-47DAEE3E5552}.Debug|Any CPU.ActiveCfg = Debug|Any CPU
		{C2603535-B506-0B6E-DA3D-47DAEE3E5552}.Debug|Any CPU.Build.0 = Debug|Any CPU
		{C2603535-B506-0B6E-DA3D-47DAEE3E5552}.Release|Any CPU.ActiveCfg = Release|Any CPU
		{C2603535-B506-0B6E-DA3D-47DAEE3E5552}.Release|Any CPU.Build.0 = Release|Any CPU
	EndGlobalSection
	GlobalSection(SolutionProperties) = preSolution
		HideSolutionNode = FALSE
	EndGlobalSection
	GlobalSection(ExtensibilityGlobals) = postSolution
		SolutionGuid = {EB3C9B7B-4814-42ED-B047-B01EA9E48FF8}
	EndGlobalSection
EndGlobal
